
Microsoft Visual Studio Solution File, Format Version 12.00
# Visual Studio Version 16
VisualStudioVersion = 16.0.30114.105
MinimumVisualStudioVersion = 10.0.40219.1
Project("{2150E333-8FDC-42A3-9474-1A3956D46DE8}") = "CsMicro", "CsMicro", "{FD335508-1341-490C-AEE0-279E1F9C47F6}"
EndProject
Project("{2150E333-8FDC-42A3-9474-1A3956D46DE8}") = "src", "src", "{EEF3419C-36A1-44FA-B1AE-FEB825F6D475}"
EndProject
Project("{FAE04EC0-301F-11D3-BF4B-00C04F79EFBC}") = "CsMicro", "CsMicro\src\CsMicro\CsMicro.csproj", "{704FB94D-3AC7-41BC-A437-7A18F685A964}"
EndProject
Project("{FAE04EC0-301F-11D3-BF4B-00C04F79EFBC}") = "CsMicro.Core", "CsMicro\src\CsMicro.Core\CsMicro.Core.csproj", "{CF622FEF-8711-470B-8079-931CF1BDEB27}"
EndProject
Project("{FAE04EC0-301F-11D3-BF4B-00C04F79EFBC}") = "CsMicro.Cqrs", "CsMicro\src\CsMicro.Cqrs\CsMicro.Cqrs.csproj", "{CA5F102D-98F4-4E9B-A062-11AE80B29CF0}"
EndProject
Project("{2150E333-8FDC-42A3-9474-1A3956D46DE8}") = "CsMicro.Event", "CsMicro.Event", "{9590F5D0-C6E3-4495-A9D4-19A1D590928E}"
EndProject
Project("{FAE04EC0-301F-11D3-BF4B-00C04F79EFBC}") = "CsMicro.IntegrationEvent", "CsMicro\src\CsMicro.Event\CsMicro.IntegrationEvent\CsMicro.IntegrationEvent.csproj", "{99F058F4-2D37-4B61-91B4-ACC8D7C7617C}"
EndProject
Project("{FAE04EC0-301F-11D3-BF4B-00C04F79EFBC}") = "CsMicro.IntegrationEvent.Plugins", "CsMicro\src\CsMicro.Event\CsMicro.IntegrationEvent.Plugins\CsMicro.IntegrationEvent.Plugins.csproj", "{7AE3A856-CD20-4778-8B0C-9BFE0D706C13}"
EndProject
Project("{2150E333-8FDC-42A3-9474-1A3956D46DE8}") = "CsMicro.Messaging", "CsMicro.Messaging", "{EFA54C57-6B64-4C58-A355-7878066998F1}"
EndProject
Project("{FAE04EC0-301F-11D3-BF4B-00C04F79EFBC}") = "CsMicro.Messaging", "CsMicro\src\CsMicro.Messaging\CsMicro.Messaging\CsMicro.Messaging.csproj", "{6E66AED2-F1A0-4480-AE71-7555025A301B}"
EndProject
Project("{2150E333-8FDC-42A3-9474-1A3956D46DE8}") = "CsMicro.Persistence", "CsMicro.Persistence", "{3AEBCF93-B961-4B00-88A8-7F83C6FD9E35}"
EndProject
Project("{FAE04EC0-301F-11D3-BF4B-00C04F79EFBC}") = "CsMicro.Persistence", "CsMicro\src\CsMicro.Persistence\CsMicro.Persistence\CsMicro.Persistence.csproj", "{DB6D5CB5-F562-4712-82AA-256627366FE1}"
EndProject
Project("{FAE04EC0-301F-11D3-BF4B-00C04F79EFBC}") = "CsMicro.Persistence.EfCore", "CsMicro\src\CsMicro.Persistence\CsMicro.Persistence.EfCore\CsMicro.Persistence.EfCore.csproj", "{391C16BE-4169-4B95-9AB9-0ECA6A25B76C}"
EndProject
Project("{FAE04EC0-301F-11D3-BF4B-00C04F79EFBC}") = "CsMicro.WebApi", "CsMicro\src\CsMicro.WebApi\CsMicro.WebApi.csproj", "{30309D89-7ABA-464E-B2FF-BB5B8D2D21CC}"
EndProject
Project("{2150E333-8FDC-42A3-9474-1A3956D46DE8}") = "TPick", "TPick", "{440D8DE9-0B66-4C43-BC3D-C5758B48CA66}"
EndProject
Project("{FAE04EC0-301F-11D3-BF4B-00C04F79EFBC}") = "TPick.Domain", "TPick\TPick.Domain\TPick.Domain.csproj", "{874DBE37-3F3D-4FE8-BB57-1A62E7509150}"
EndProject
Project("{FAE04EC0-301F-11D3-BF4B-00C04F79EFBC}") = "TPick.App", "TPick\TPick.App\TPick.App.csproj", "{7CCBE0C4-124B-4FEC-B5F5-FD4758A16E53}"
EndProject
Project("{FAE04EC0-301F-11D3-BF4B-00C04F79EFBC}") = "TPick.Infrastructure", "TPick\TPick.Infrastructure\TPick.Infrastructure.csproj", "{5FEAF970-0910-4AC9-81F8-84C33B28BF73}"
EndProject
Project("{FAE04EC0-301F-11D3-BF4B-00C04F79EFBC}") = "TPick.Api", "TPick\TPick.Api\TPick.Api.csproj", "{D3A425DA-1A85-4B7B-B74A-3DE5F40D871B}"
EndProject
Project("{FAE04EC0-301F-11D3-BF4B-00C04F79EFBC}") = "CsMicro.Messaging.Redis", "csmicro\src\CsMicro.Messaging\CsMicro.Messaging.Redis\CsMicro.Messaging.Redis.csproj", "{64D7AC92-B459-4B90-AEED-5F19704FE5CC}"
EndProject
Global
	GlobalSection(SolutionConfigurationPlatforms) = preSolution
		Debug|Any CPU = Debug|Any CPU
		Release|Any CPU = Release|Any CPU
	EndGlobalSection
	GlobalSection(SolutionProperties) = preSolution
		HideSolutionNode = FALSE
	EndGlobalSection
	GlobalSection(NestedProjects) = preSolution
		{EEF3419C-36A1-44FA-B1AE-FEB825F6D475} = {FD335508-1341-490C-AEE0-279E1F9C47F6}
		{704FB94D-3AC7-41BC-A437-7A18F685A964} = {EEF3419C-36A1-44FA-B1AE-FEB825F6D475}
		{CF622FEF-8711-470B-8079-931CF1BDEB27} = {EEF3419C-36A1-44FA-B1AE-FEB825F6D475}
		{CA5F102D-98F4-4E9B-A062-11AE80B29CF0} = {EEF3419C-36A1-44FA-B1AE-FEB825F6D475}
		{9590F5D0-C6E3-4495-A9D4-19A1D590928E} = {EEF3419C-36A1-44FA-B1AE-FEB825F6D475}
		{99F058F4-2D37-4B61-91B4-ACC8D7C7617C} = {9590F5D0-C6E3-4495-A9D4-19A1D590928E}
		{7AE3A856-CD20-4778-8B0C-9BFE0D706C13} = {9590F5D0-C6E3-4495-A9D4-19A1D590928E}
		{EFA54C57-6B64-4C58-A355-7878066998F1} = {EEF3419C-36A1-44FA-B1AE-FEB825F6D475}
		{6E66AED2-F1A0-4480-AE71-7555025A301B} = {EFA54C57-6B64-4C58-A355-7878066998F1}
		{3AEBCF93-B961-4B00-88A8-7F83C6FD9E35} = {EEF3419C-36A1-44FA-B1AE-FEB825F6D475}
		{DB6D5CB5-F562-4712-82AA-256627366FE1} = {3AEBCF93-B961-4B00-88A8-7F83C6FD9E35}
		{391C16BE-4169-4B95-9AB9-0ECA6A25B76C} = {3AEBCF93-B961-4B00-88A8-7F83C6FD9E35}
		{30309D89-7ABA-464E-B2FF-BB5B8D2D21CC} = {EEF3419C-36A1-44FA-B1AE-FEB825F6D475}
		{874DBE37-3F3D-4FE8-BB57-1A62E7509150} = {440D8DE9-0B66-4C43-BC3D-C5758B48CA66}
		{7CCBE0C4-124B-4FEC-B5F5-FD4758A16E53} = {440D8DE9-0B66-4C43-BC3D-C5758B48CA66}
		{5FEAF970-0910-4AC9-81F8-84C33B28BF73} = {440D8DE9-0B66-4C43-BC3D-C5758B48CA66}
		{D3A425DA-1A85-4B7B-B74A-3DE5F40D871B} = {440D8DE9-0B66-4C43-BC3D-C5758B48CA66}
		{64D7AC92-B459-4B90-AEED-5F19704FE5CC} = {EFA54C57-6B64-4C58-A355-7878066998F1}
	EndGlobalSection
	GlobalSection(ProjectConfigurationPlatforms) = postSolution
		{704FB94D-3AC7-41BC-A437-7A18F685A964}.Debug|Any CPU.ActiveCfg = Debug|Any CPU
		{704FB94D-3AC7-41BC-A437-7A18F685A964}.Debug|Any CPU.Build.0 = Debug|Any CPU
		{704FB94D-3AC7-41BC-A437-7A18F685A964}.Release|Any CPU.ActiveCfg = Release|Any CPU
		{704FB94D-3AC7-41BC-A437-7A18F685A964}.Release|Any CPU.Build.0 = Release|Any CPU
		{CF622FEF-8711-470B-8079-931CF1BDEB27}.Debug|Any CPU.ActiveCfg = Debug|Any CPU
		{CF622FEF-8711-470B-8079-931CF1BDEB27}.Debug|Any CPU.Build.0 = Debug|Any CPU
		{CF622FEF-8711-470B-8079-931CF1BDEB27}.Release|Any CPU.ActiveCfg = Release|Any CPU
		{CF622FEF-8711-470B-8079-931CF1BDEB27}.Release|Any CPU.Build.0 = Release|Any CPU
		{CA5F102D-98F4-4E9B-A062-11AE80B29CF0}.Debug|Any CPU.ActiveCfg = Debug|Any CPU
		{CA5F102D-98F4-4E9B-A062-11AE80B29CF0}.Debug|Any CPU.Build.0 = Debug|Any CPU
		{CA5F102D-98F4-4E9B-A062-11AE80B29CF0}.Release|Any CPU.ActiveCfg = Release|Any CPU
		{CA5F102D-98F4-4E9B-A062-11AE80B29CF0}.Release|Any CPU.Build.0 = Release|Any CPU
		{99F058F4-2D37-4B61-91B4-ACC8D7C7617C}.Debug|Any CPU.ActiveCfg = Debug|Any CPU
		{99F058F4-2D37-4B61-91B4-ACC8D7C7617C}.Debug|Any CPU.Build.0 = Debug|Any CPU
		{99F058F4-2D37-4B61-91B4-ACC8D7C7617C}.Release|Any CPU.ActiveCfg = Release|Any CPU
		{99F058F4-2D37-4B61-91B4-ACC8D7C7617C}.Release|Any CPU.Build.0 = Release|Any CPU
		{7AE3A856-CD20-4778-8B0C-9BFE0D706C13}.Debug|Any CPU.ActiveCfg = Debug|Any CPU
		{7AE3A856-CD20-4778-8B0C-9BFE0D706C13}.Debug|Any CPU.Build.0 = Debug|Any CPU
		{7AE3A856-CD20-4778-8B0C-9BFE0D706C13}.Release|Any CPU.ActiveCfg = Release|Any CPU
		{7AE3A856-CD20-4778-8B0C-9BFE0D706C13}.Release|Any CPU.Build.0 = Release|Any CPU
		{6E66AED2-F1A0-4480-AE71-7555025A301B}.Debug|Any CPU.ActiveCfg = Debug|Any CPU
		{6E66AED2-F1A0-4480-AE71-7555025A301B}.Debug|Any CPU.Build.0 = Debug|Any CPU
		{6E66AED2-F1A0-4480-AE71-7555025A301B}.Release|Any CPU.ActiveCfg = Release|Any CPU
		{6E66AED2-F1A0-4480-AE71-7555025A301B}.Release|Any CPU.Build.0 = Release|Any CPU
		{DB6D5CB5-F562-4712-82AA-256627366FE1}.Debug|Any CPU.ActiveCfg = Debug|Any CPU
		{DB6D5CB5-F562-4712-82AA-256627366FE1}.Debug|Any CPU.Build.0 = Debug|Any CPU
		{DB6D5CB5-F562-4712-82AA-256627366FE1}.Release|Any CPU.ActiveCfg = Release|Any CPU
		{DB6D5CB5-F562-4712-82AA-256627366FE1}.Release|Any CPU.Build.0 = Release|Any CPU
		{391C16BE-4169-4B95-9AB9-0ECA6A25B76C}.Debug|Any CPU.ActiveCfg = Debug|Any CPU
		{391C16BE-4169-4B95-9AB9-0ECA6A25B76C}.Debug|Any CPU.Build.0 = Debug|Any CPU
		{391C16BE-4169-4B95-9AB9-0ECA6A25B76C}.Release|Any CPU.ActiveCfg = Release|Any CPU
		{391C16BE-4169-4B95-9AB9-0ECA6A25B76C}.Release|Any CPU.Build.0 = Release|Any CPU
		{30309D89-7ABA-464E-B2FF-BB5B8D2D21CC}.Debug|Any CPU.ActiveCfg = Debug|Any CPU
		{30309D89-7ABA-464E-B2FF-BB5B8D2D21CC}.Debug|Any CPU.Build.0 = Debug|Any CPU
		{30309D89-7ABA-464E-B2FF-BB5B8D2D21CC}.Release|Any CPU.ActiveCfg = Release|Any CPU
		{30309D89-7ABA-464E-B2FF-BB5B8D2D21CC}.Release|Any CPU.Build.0 = Release|Any CPU
		{874DBE37-3F3D-4FE8-BB57-1A62E7509150}.Debug|Any CPU.ActiveCfg = Debug|Any CPU
		{874DBE37-3F3D-4FE8-BB57-1A62E7509150}.Debug|Any CPU.Build.0 = Debug|Any CPU
		{874DBE37-3F3D-4FE8-BB57-1A62E7509150}.Release|Any CPU.ActiveCfg = Release|Any CPU
		{874DBE37-3F3D-4FE8-BB57-1A62E7509150}.Release|Any CPU.Build.0 = Release|Any CPU
		{7CCBE0C4-124B-4FEC-B5F5-FD4758A16E53}.Debug|Any CPU.ActiveCfg = Debug|Any CPU
		{7CCBE0C4-124B-4FEC-B5F5-FD4758A16E53}.Debug|Any CPU.Build.0 = Debug|Any CPU
		{7CCBE0C4-124B-4FEC-B5F5-FD4758A16E53}.Release|Any CPU.ActiveCfg = Release|Any CPU
		{7CCBE0C4-124B-4FEC-B5F5-FD4758A16E53}.Release|Any CPU.Build.0 = Release|Any CPU
		{5FEAF970-0910-4AC9-81F8-84C33B28BF73}.Debug|Any CPU.ActiveCfg = Debug|Any CPU
		{5FEAF970-0910-4AC9-81F8-84C33B28BF73}.Debug|Any CPU.Build.0 = Debug|Any CPU
		{5FEAF970-0910-4AC9-81F8-84C33B28BF73}.Release|Any CPU.ActiveCfg = Release|Any CPU
		{5FEAF970-0910-4AC9-81F8-84C33B28BF73}.Release|Any CPU.Build.0 = Release|Any CPU
		{D3A425DA-1A85-4B7B-B74A-3DE5F40D871B}.Debug|Any CPU.ActiveCfg = Debug|Any CPU
		{D3A425DA-1A85-4B7B-B74A-3DE5F40D871B}.Debug|Any CPU.Build.0 = Debug|Any CPU
		{D3A425DA-1A85-4B7B-B74A-3DE5F40D871B}.Release|Any CPU.ActiveCfg = Release|Any CPU
		{D3A425DA-1A85-4B7B-B74A-3DE5F40D871B}.Release|Any CPU.Build.0 = Release|Any CPU
		{64D7AC92-B459-4B90-AEED-5F19704FE5CC}.Debug|Any CPU.ActiveCfg = Debug|Any CPU
		{64D7AC92-B459-4B90-AEED-5F19704FE5CC}.Debug|Any CPU.Build.0 = Debug|Any CPU
		{64D7AC92-B459-4B90-AEED-5F19704FE5CC}.Release|Any CPU.ActiveCfg = Release|Any CPU
		{64D7AC92-B459-4B90-AEED-5F19704FE5CC}.Release|Any CPU.Build.0 = Release|Any CPU
	EndGlobalSection
EndGlobal
